Microsoft Visual Studio Solution File, Format Version 12.00
# Visual Studio Version 17
VisualStudioVersion = 17.0.31903.59
MinimumVisualStudioVersion = 10.0.40219.1
Project("{FAE04EC0-301F-11D3-BF4B-00C04F79EFBC}") = "Nakama.Api", "src\backend\Nakama.Api\Nakama.Api.csproj", "{D4DAB7B4-76BD-4E3D-A595-B4D3D7B9C8D8}"
EndProject
Project("{FAE04EC0-301F-11D3-BF4B-00C04F79EFBC}") = "Nakama.Api.Tests", "tests\backend\Nakama.Api.Tests\Nakama.Api.Tests.csproj", "{E7D4F1E8-3BF1-4A5D-9B91-36EAA86F8EF9}"
EndProject
Project("{FAE04EC0-301F-11D3-BF4B-00C04F79EFBC}") = "Nakama.Provisioning", "src\backend\Nakama.Provisioning\Nakama.Provisioning.csproj", "{7F8A59D4-46D6-4E87-91EB-5F2E714B4D9B}"
EndProject
Global
	GlobalSection(SolutionConfigurationPlatforms) = preSolution
		Debug|Any CPU = Debug|Any CPU
		Release|Any CPU = Release|Any CPU
	EndGlobalSection
	GlobalSection(ProjectConfigurationPlatforms) = postSolution
		{D4DAB7B4-76BD-4E3D-A595-B4D3D7B9C8D8}.Debug|Any CPU.ActiveCfg = Debug|Any CPU
		{D4DAB7B4-76BD-4E3D-A595-B4D3D7B9C8D8}.Debug|Any CPU.Build.0 = Debug|Any CPU
		{D4DAB7B4-76BD-4E3D-A595-B4D3D7B9C8D8}.Release|Any CPU.ActiveCfg = Release|Any CPU
		{D4DAB7B4-76BD-4E3D-A595-B4D3D7B9C8D8}.Release|Any CPU.Build.0 = Release|Any CPU
		{E7D4F1E8-3BF1-4A5D-9B91-36EAA86F8EF9}.Debug|Any CPU.ActiveCfg = Debug|Any CPU
		{E7D4F1E8-3BF1-4A5D-9B91-36EAA86F8EF9}.Debug|Any CPU.Build.0 = Debug|Any CPU
		{E7D4F1E8-3BF1-4A5D-9B91-36EAA86F8EF9}.Release|Any CPU.ActiveCfg = Release|Any CPU
		{E7D4F1E8-3BF1-4A5D-9B91-36EAA86F8EF9}.Release|Any CPU.Build.0 = Release|Any CPU
		{7F8A59D4-46D6-4E87-91EB-5F2E714B4D9B}.Debug|Any CPU.ActiveCfg = Debug|Any CPU
		{7F8A59D4-46D6-4E87-91EB-5F2E714B4D9B}.Debug|Any CPU.Build.0 = Debug|Any CPU
		{7F8A59D4-46D6-4E87-91EB-5F2E714B4D9B}.Release|Any CPU.ActiveCfg = Release|Any CPU
		{7F8A59D4-46D6-4E87-91EB-5F2E714B4D9B}.Release|Any CPU.Build.0 = Release|Any CPU
	EndGlobalSection
EndGlobal
